{
  "requires": true,
  "lockfileVersion": 1,
  "dependencies": {
    "@tweenjs/tween.js": {
      "version": "18.4.2",
      "resolved": "https://registry.npmjs.org/@tweenjs/tween.js/-/tween.js-18.4.2.tgz",
      "integrity": "sha512-HQLguhuQoPEqz42u/MnznakBe038WWAFKwC0qNgvzEetZjOLvafh1bTdUhQ1JZapR/hKV5cuCa8mC0Y4rRuoeg=="
    }
  }
}
